// !$*UTF8*$!
{
	archiveVersion = 1;
	classes = {
	};
	objectVersion = 56;
	objects = {

/* Begin PBXBuildFile section */
		6C251F0A2A188059000E3F0D /* GoogleService-Info.plist in Resources */ = {isa = PBXBuildFile; fileRef = 6C251F092A188059000E3F0D /* GoogleService-Info.plist */; };
		6C251F0B2A188059000E3F0D /* GoogleService-Info.plist in Resources */ = {isa = PBXBuildFile; fileRef = 6C251F092A188059000E3F0D /* GoogleService-Info.plist */; };
		6C251F0C2A188059000E3F0D /* GoogleService-Info.plist in Resources */ = {isa = PBXBuildFile; fileRef = 6C251F092A188059000E3F0D /* GoogleService-Info.plist */; };
		6C251F0E2A18876D000E3F0D /* User.swift in Sources */ = {isa = PBXBuildFile; fileRef = 6C251F0D2A18876D000E3F0D /* User.swift */; };
		6C251F112A192CF2000E3F0D /* FirebaseAuth in Frameworks */ = {isa = PBXBuildFile; productRef = 6C251F102A192CF2000E3F0D /* FirebaseAuth */; };
		6C251F132A192CF2000E3F0D /* FirebaseAuthCombine-Community in Frameworks */ = {isa = PBXBuildFile; productRef = 6C251F122A192CF2000E3F0D /* FirebaseAuthCombine-Community */; };
		6C251F152A192CF2000E3F0D /* FirebaseCrashlytics in Frameworks */ = {isa = PBXBuildFile; productRef = 6C251F142A192CF2000E3F0D /* FirebaseCrashlytics */; };
		6C251F172A192CF2000E3F0D /* FirebaseDatabase in Frameworks */ = {isa = PBXBuildFile; productRef = 6C251F162A192CF2000E3F0D /* FirebaseDatabase */; };
		6C251F192A192CF2000E3F0D /* FirebaseDatabaseSwift in Frameworks */ = {isa = PBXBuildFile; productRef = 6C251F182A192CF2000E3F0D /* FirebaseDatabaseSwift */; };
		6C251F1B2A192CF2000E3F0D /* FirebaseDynamicLinks in Frameworks */ = {isa = PBXBuildFile; productRef = 6C251F1A2A192CF2000E3F0D /* FirebaseDynamicLinks */; };
		6C251F1D2A192CF2000E3F0D /* FirebaseFirestore in Frameworks */ = {isa = PBXBuildFile; productRef = 6C251F1C2A192CF2000E3F0D /* FirebaseFirestore */; };
		6C251F1F2A192CF2000E3F0D /* FirebaseFirestoreCombine-Community in Frameworks */ = {isa = PBXBuildFile; productRef = 6C251F1E2A192CF2000E3F0D /* FirebaseFirestoreCombine-Community */; };
		6C251F212A192CF2000E3F0D /* FirebaseFirestoreSwift in Frameworks */ = {isa = PBXBuildFile; productRef = 6C251F202A192CF2000E3F0D /* FirebaseFirestoreSwift */; };
		6C251F232A192CF2000E3F0D /* FirebaseFunctions in Frameworks */ = {isa = PBXBuildFile; productRef = 6C251F222A192CF2000E3F0D /* FirebaseFunctions */; };
		6C251F252A192CF2000E3F0D /* FirebaseFunctionsCombine-Community in Frameworks */ = {isa = PBXBuildFile; productRef = 6C251F242A192CF2000E3F0D /* FirebaseFunctionsCombine-Community */; };
		6C251F272A192CF2000E3F0D /* FirebaseInAppMessaging-Beta in Frameworks */ = {isa = PBXBuildFile; productRef = 6C251F262A192CF2000E3F0D /* FirebaseInAppMessaging-Beta */; };
		6C251F292A192CF2000E3F0D /* FirebaseInAppMessagingSwift-Beta in Frameworks */ = {isa = PBXBuildFile; productRef = 6C251F282A192CF2000E3F0D /* FirebaseInAppMessagingSwift-Beta */; };
		6C251F2B2A192CF2000E3F0D /* FirebaseInstallations in Frameworks */ = {isa = PBXBuildFile; productRef = 6C251F2A2A192CF2000E3F0D /* FirebaseInstallations */; };
		6C251F2D2A192CF2000E3F0D /* FirebaseMLModelDownloader in Frameworks */ = {isa = PBXBuildFile; productRef = 6C251F2C2A192CF2000E3F0D /* FirebaseMLModelDownloader */; };
		6C251F2F2A192CF2000E3F0D /* FirebaseMessaging in Frameworks */ = {isa = PBXBuildFile; productRef = 6C251F2E2A192CF2000E3F0D /* FirebaseMessaging */; };
		6C251F312A192CF2000E3F0D /* FirebasePerformance in Frameworks */ = {isa = PBXBuildFile; productRef = 6C251F302A192CF2000E3F0D /* FirebasePerformance */; };
		6C251F332A192CF2000E3F0D /* FirebaseRemoteConfig in Frameworks */ = {isa = PBXBuildFile; productRef = 6C251F322A192CF2000E3F0D /* FirebaseRemoteConfig */; };
		6C251F352A192CF2000E3F0D /* FirebaseRemoteConfigSwift in Frameworks */ = {isa = PBXBuildFile; productRef = 6C251F342A192CF2000E3F0D /* FirebaseRemoteConfigSwift */; };
		6C251F372A192CF2000E3F0D /* FirebaseStorage in Frameworks */ = {isa = PBXBuildFile; productRef = 6C251F362A192CF2000E3F0D /* FirebaseStorage */; };
		6C251F392A192CF2000E3F0D /* FirebaseStorageCombine-Community in Frameworks */ = {isa = PBXBuildFile; productRef = 6C251F382A192CF2000E3F0D /* FirebaseStorageCombine-Community */; };
		6C251F3C2A192DCB000E3F0D /* PastEntriesTableViewCell.swift in Sources */ = {isa = PBXBuildFile; fileRef = 6C251F3A2A192DCB000E3F0D /* PastEntriesTableViewCell.swift */; };
		6C251F3D2A192DCB000E3F0D /* PastEntriesTableViewCell.xib in Resources */ = {isa = PBXBuildFile; fileRef = 6C251F3B2A192DCB000E3F0D /* PastEntriesTableViewCell.xib */; };
		6C7E9B5A29BA55C50041E994 /* AppDelegate.swift in Sources */ = {isa = PBXBuildFile; fileRef = 6C7E9B5929BA55C50041E994 /* AppDelegate.swift */; };
		6C7E9B5C29BA55C50041E994 /* SceneDelegate.swift in Sources */ = {isa = PBXBuildFile; fileRef = 6C7E9B5B29BA55C50041E994 /* SceneDelegate.swift */; };
		6C7E9B6129BA55C50041E994 /* Main.storyboard in Resources */ = {isa = PBXBuildFile; fileRef = 6C7E9B5F29BA55C50041E994 /* Main.storyboard */; };
		6C7E9B6329BA55C60041E994 /* Assets.xcassets in Resources */ = {isa = PBXBuildFile; fileRef = 6C7E9B6229BA55C60041E994 /* Assets.xcassets */; };
		6C7E9B6629BA55C60041E994 /* LaunchScreen.storyboard in Resources */ = {isa = PBXBuildFile; fileRef = 6C7E9B6429BA55C60041E994 /* LaunchScreen.storyboard */; };
		6C7E9B7129BA55C60041E994 /* TranquiloTests.swift in Sources */ = {isa = PBXBuildFile; fileRef = 6C7E9B7029BA55C60041E994 /* TranquiloTests.swift */; };
		6C7E9B7B29BA55C60041E994 /* TranquiloUITests.swift in Sources */ = {isa = PBXBuildFile; fileRef = 6C7E9B7A29BA55C60041E994 /* TranquiloUITests.swift */; };
		6C7E9B7D29BA55C60041E994 /* TranquiloUITestsLaunchTests.swift in Sources */ = {isa = PBXBuildFile; fileRef = 6C7E9B7C29BA55C60041E994 /* TranquiloUITestsLaunchTests.swift */; };
		6C7E9B8A29BA5A000041E994 /* Colors.swift in Sources */ = {isa = PBXBuildFile; fileRef = 6C7E9B8929BA5A000041E994 /* Colors.swift */; };
		6C7E9B9329BA5A900041E994 /* Journal.swift in Sources */ = {isa = PBXBuildFile; fileRef = 6C7E9B9229BA5A900041E994 /* Journal.swift */; };
		6C7E9B9529BA5AEC0041E994 /* BreathWorkViewController.swift in Sources */ = {isa = PBXBuildFile; fileRef = 6C7E9B9429BA5AEC0041E994 /* BreathWorkViewController.swift */; };
		6C7E9B9729BA5B010041E994 /* JournalViewController.swift in Sources */ = {isa = PBXBuildFile; fileRef = 6C7E9B9629BA5B010041E994 /* JournalViewController.swift */; };
		6C7E9B9929BA5B580041E994 /* ProfileViewController.swift in Sources */ = {isa = PBXBuildFile; fileRef = 6C7E9B9829BA5B580041E994 /* ProfileViewController.swift */; };
		6C7E9B9B29BA5B680041E994 /* SignInViewController.swift in Sources */ = {isa = PBXBuildFile; fileRef = 6C7E9B9A29BA5B680041E994 /* SignInViewController.swift */; };
		6C7E9B9D29BA5B740041E994 /* SignUpViewController.swift in Sources */ = {isa = PBXBuildFile; fileRef = 6C7E9B9C29BA5B740041E994 /* SignUpViewController.swift */; };
		6C7E9B9F29BA5B910041E994 /* IntroViewController.swift in Sources */ = {isa = PBXBuildFile; fileRef = 6C7E9B9E29BA5B910041E994 /* IntroViewController.swift */; };
		6CCFB48929FCAEA900EB9E12 /* PromptNameViewController.swift in Sources */ = {isa = PBXBuildFile; fileRef = 6CCFB48829FCAEA900EB9E12 /* PromptNameViewController.swift */; };
/* End PBXBuildFile section */

/* Begin PBXContainerItemProxy section */
		6C7E9B6D29BA55C60041E994 /* PBXContainerItemProxy */ = {
			isa = PBXContainerItemProxy;
			containerPortal = 6C7E9B4E29BA55C50041E994 /* Project object */;
			proxyType = 1;
			remoteGlobalIDString = 6C7E9B5529BA55C50041E994;
			remoteInfo = Tranquilo;
		};
		6C7E9B7729BA55C60041E994 /* PBXContainerItemProxy */ = {
			isa = PBXContainerItemProxy;
			containerPortal = 6C7E9B4E29BA55C50041E994 /* Project object */;
			proxyType = 1;
			remoteGlobalIDString = 6C7E9B5529BA55C50041E994;
			remoteInfo = Tranquilo;
		};
/* End PBXContainerItemProxy section */

/* Begin PBXFileReference section */
		6C251F092A188059000E3F0D /* GoogleService-Info.plist */ = {isa = PBXFileReference; fileEncoding = 4; lastKnownFileType = text.plist.xml; path = "GoogleService-Info.plist"; sourceTree = "<group>"; };
		6C251F0D2A18876D000E3F0D /* User.swift */ = {isa = PBXFileReference; lastKnownFileType = sourcecode.swift; path = User.swift; sourceTree = "<group>"; };
		6C251F3A2A192DCB000E3F0D /* PastEntriesTableViewCell.swift */ = {isa = PBXFileReference; lastKnownFileType = sourcecode.swift; path = PastEntriesTableViewCell.swift; sourceTree = "<group>"; };
		6C251F3B2A192DCB000E3F0D /* PastEntriesTableViewCell.xib */ = {isa = PBXFileReference; lastKnownFileType = file.xib; path = PastEntriesTableViewCell.xib; sourceTree = "<group>"; };
		6C7E9B5629BA55C50041E994 /* Tranquilo.app */ = {isa = PBXFileReference; explicitFileType = wrapper.application; includeInIndex = 0; path = Tranquilo.app; sourceTree = BUILT_PRODUCTS_DIR; };
		6C7E9B5929BA55C50041E994 /* AppDelegate.swift */ = {isa = PBXFileReference; lastKnownFileType = sourcecode.swift; path = AppDelegate.swift; sourceTree = "<group>"; };
		6C7E9B5B29BA55C50041E994 /* SceneDelegate.swift */ = {isa = PBXFileReference; lastKnownFileType = sourcecode.swift; path = SceneDelegate.swift; sourceTree = "<group>"; };
		6C7E9B6029BA55C50041E994 /* Base */ = {isa = PBXFileReference; lastKnownFileType = file.storyboard; name = Base; path = Base.lproj/Main.storyboard; sourceTree = "<group>"; };
		6C7E9B6229BA55C60041E994 /* Assets.xcassets */ = {isa = PBXFileReference; lastKnownFileType = folder.assetcatalog; path = Assets.xcassets; sourceTree = "<group>"; };
		6C7E9B6529BA55C60041E994 /* Base */ = {isa = PBXFileReference; lastKnownFileType = file.storyboard; name = Base; path = Base.lproj/LaunchScreen.storyboard; sourceTree = "<group>"; };
		6C7E9B6729BA55C60041E994 /* Info.plist */ = {isa = PBXFileReference; lastKnownFileType = text.plist.xml; path = Info.plist; sourceTree = "<group>"; };
		6C7E9B6C29BA55C60041E994 /* TranquiloTests.xctest */ = {isa = PBXFileReference; explicitFileType = wrapper.cfbundle; includeInIndex = 0; path = TranquiloTests.xctest; sourceTree = BUILT_PRODUCTS_DIR; };
		6C7E9B7029BA55C60041E994 /* TranquiloTests.swift */ = {isa = PBXFileReference; lastKnownFileType = sourcecode.swift; path = TranquiloTests.swift; sourceTree = "<group>"; };
		6C7E9B7629BA55C60041E994 /* TranquiloUITests.xctest */ = {isa = PBXFileReference; explicitFileType = wrapper.cfbundle; includeInIndex = 0; path = TranquiloUITests.xctest; sourceTree = BUILT_PRODUCTS_DIR; };
		6C7E9B7A29BA55C60041E994 /* TranquiloUITests.swift */ = {isa = PBXFileReference; lastKnownFileType = sourcecode.swift; path = TranquiloUITests.swift; sourceTree = "<group>"; };
		6C7E9B7C29BA55C60041E994 /* TranquiloUITestsLaunchTests.swift */ = {isa = PBXFileReference; lastKnownFileType = sourcecode.swift; path = TranquiloUITestsLaunchTests.swift; sourceTree = "<group>"; };
		6C7E9B8929BA5A000041E994 /* Colors.swift */ = {isa = PBXFileReference; lastKnownFileType = sourcecode.swift; path = Colors.swift; sourceTree = "<group>"; };
		6C7E9B9229BA5A900041E994 /* Journal.swift */ = {isa = PBXFileReference; lastKnownFileType = sourcecode.swift; path = Journal.swift; sourceTree = "<group>"; };
		6C7E9B9429BA5AEC0041E994 /* BreathWorkViewController.swift */ = {isa = PBXFileReference; lastKnownFileType = sourcecode.swift; path = BreathWorkViewController.swift; sourceTree = "<group>"; };
		6C7E9B9629BA5B010041E994 /* JournalViewController.swift */ = {isa = PBXFileReference; lastKnownFileType = sourcecode.swift; path = JournalViewController.swift; sourceTree = "<group>"; };
		6C7E9B9829BA5B580041E994 /* ProfileViewController.swift */ = {isa = PBXFileReference; lastKnownFileType = sourcecode.swift; path = ProfileViewController.swift; sourceTree = "<group>"; };
		6C7E9B9A29BA5B680041E994 /* SignInViewController.swift */ = {isa = PBXFileReference; lastKnownFileType = sourcecode.swift; path = SignInViewController.swift; sourceTree = "<group>"; };
		6C7E9B9C29BA5B740041E994 /* SignUpViewController.swift */ = {isa = PBXFileReference; lastKnownFileType = sourcecode.swift; path = SignUpViewController.swift; sourceTree = "<group>"; };
		6C7E9B9E29BA5B910041E994 /* IntroViewController.swift */ = {isa = PBXFileReference; lastKnownFileType = sourcecode.swift; path = IntroViewController.swift; sourceTree = "<group>"; };
		6CCFB48829FCAEA900EB9E12 /* PromptNameViewController.swift */ = {isa = PBXFileReference; lastKnownFileType = sourcecode.swift; path = PromptNameViewController.swift; sourceTree = "<group>"; };
/* End PBXFileReference section */

/* Begin PBXFrameworksBuildPhase section */
		6C7E9B5329BA55C50041E994 /* Frameworks */ = {
			isa = PBXFrameworksBuildPhase;
			buildActionMask = 2147483647;
			files = (
				6C251F2F2A192CF2000E3F0D /* FirebaseMessaging in Frameworks */,
				6C251F392A192CF2000E3F0D /* FirebaseStorageCombine-Community in Frameworks */,
				6C251F192A192CF2000E3F0D /* FirebaseDatabaseSwift in Frameworks */,
				6C251F352A192CF2000E3F0D /* FirebaseRemoteConfigSwift in Frameworks */,
				6C251F2B2A192CF2000E3F0D /* FirebaseInstallations in Frameworks */,
				6C251F1F2A192CF2000E3F0D /* FirebaseFirestoreCombine-Community in Frameworks */,
				6C251F152A192CF2000E3F0D /* FirebaseCrashlytics in Frameworks */,
				6C251F112A192CF2000E3F0D /* FirebaseAuth in Frameworks */,
				6C251F172A192CF2000E3F0D /* FirebaseDatabase in Frameworks */,
				6C251F132A192CF2000E3F0D /* FirebaseAuthCombine-Community in Frameworks */,
				6C251F1B2A192CF2000E3F0D /* FirebaseDynamicLinks in Frameworks */,
				6C251F332A192CF2000E3F0D /* FirebaseRemoteConfig in Frameworks */,
				6C251F312A192CF2000E3F0D /* FirebasePerformance in Frameworks */,
				6C251F232A192CF2000E3F0D /* FirebaseFunctions in Frameworks */,
				6C251F372A192CF2000E3F0D /* FirebaseStorage in Frameworks */,
				6C251F292A192CF2000E3F0D /* FirebaseInAppMessagingSwift-Beta in Frameworks */,
				6C251F1D2A192CF2000E3F0D /* FirebaseFirestore in Frameworks */,
				6C251F252A192CF2000E3F0D /* FirebaseFunctionsCombine-Community in Frameworks */,
				6C251F2D2A192CF2000E3F0D /* FirebaseMLModelDownloader in Frameworks */,
				6C251F212A192CF2000E3F0D /* FirebaseFirestoreSwift in Frameworks */,
				6C251F272A192CF2000E3F0D /* FirebaseInAppMessaging-Beta in Frameworks */,
			);
			runOnlyForDeploymentPostprocessing = 0;
		};
		6C7E9B6929BA55C60041E994 /* Frameworks */ = {
			isa = PBXFrameworksBuildPhase;
			buildActionMask = 2147483647;
			files = (
			);
			runOnlyForDeploymentPostprocessing = 0;
		};
		6C7E9B7329BA55C60041E994 /* Frameworks */ = {
			isa = PBXFrameworksBuildPhase;
			buildActionMask = 2147483647;
			files = (
			);
			runOnlyForDeploymentPostprocessing = 0;
		};
/* End PBXFrameworksBuildPhase section */

/* Begin PBXGroup section */
		6C7E9B4D29BA55C50041E994 = {
			isa = PBXGroup;
			children = (
				6C7E9B5829BA55C50041E994 /* Tranquilo */,
				6C7E9B6F29BA55C60041E994 /* TranquiloTests */,
				6C7E9B7929BA55C60041E994 /* TranquiloUITests */,
				6C7E9B5729BA55C50041E994 /* Products */,
			);
			sourceTree = "<group>";
		};
		6C7E9B5729BA55C50041E994 /* Products */ = {
			isa = PBXGroup;
			children = (
				6C7E9B5629BA55C50041E994 /* Tranquilo.app */,
				6C7E9B6C29BA55C60041E994 /* TranquiloTests.xctest */,
				6C7E9B7629BA55C60041E994 /* TranquiloUITests.xctest */,
			);
			name = Products;
			sourceTree = "<group>";
		};
		6C7E9B5829BA55C50041E994 /* Tranquilo */ = {
			isa = PBXGroup;
			children = (
				6C7E9BA129BA9AC20041E994 /* View */,
				6C7E9B8E29BA5A410041E994 /* Feature */,
				6C7E9B8D29BA5A340041E994 /* Login */,
				6C7E9B8C29BA5A2B0041E994 /* Model */,
				6C7E9B8B29BA5A0A0041E994 /* Color */,
				6C7E9B5929BA55C50041E994 /* AppDelegate.swift */,
				6C7E9B5B29BA55C50041E994 /* SceneDelegate.swift */,
				6C7E9B6229BA55C60041E994 /* Assets.xcassets */,
				6C7E9B6429BA55C60041E994 /* LaunchScreen.storyboard */,
				6C7E9B6729BA55C60041E994 /* Info.plist */,
				6C251F092A188059000E3F0D /* GoogleService-Info.plist */,
			);
			path = Tranquilo;
			sourceTree = "<group>";
		};
		6C7E9B6F29BA55C60041E994 /* TranquiloTests */ = {
			isa = PBXGroup;
			children = (
				6C7E9B7029BA55C60041E994 /* TranquiloTests.swift */,
			);
			path = TranquiloTests;
			sourceTree = "<group>";
		};
		6C7E9B7929BA55C60041E994 /* TranquiloUITests */ = {
			isa = PBXGroup;
			children = (
				6C7E9B7A29BA55C60041E994 /* TranquiloUITests.swift */,
				6C7E9B7C29BA55C60041E994 /* TranquiloUITestsLaunchTests.swift */,
			);
			path = TranquiloUITests;
			sourceTree = "<group>";
		};
		6C7E9B8B29BA5A0A0041E994 /* Color */ = {
			isa = PBXGroup;
			children = (
				6C7E9B8929BA5A000041E994 /* Colors.swift */,
			);
			path = Color;
			sourceTree = "<group>";
		};
		6C7E9B8C29BA5A2B0041E994 /* Model */ = {
			isa = PBXGroup;
			children = (
				6C7E9B9229BA5A900041E994 /* Journal.swift */,
				6C251F0D2A18876D000E3F0D /* User.swift */,
				6C251F3A2A192DCB000E3F0D /* PastEntriesTableViewCell.swift */,
				6C251F3B2A192DCB000E3F0D /* PastEntriesTableViewCell.xib */,
			);
			path = Model;
			sourceTree = "<group>";
		};
		6C7E9B8D29BA5A340041E994 /* Login */ = {
			isa = PBXGroup;
			children = (
				6C7E9B9A29BA5B680041E994 /* SignInViewController.swift */,
				6C7E9B9C29BA5B740041E994 /* SignUpViewController.swift */,
				6C7E9B9E29BA5B910041E994 /* IntroViewController.swift */,
				6CCFB48829FCAEA900EB9E12 /* PromptNameViewController.swift */,
			);
			path = Login;
			sourceTree = "<group>";
		};
		6C7E9B8E29BA5A410041E994 /* Feature */ = {
			isa = PBXGroup;
			children = (
				6C7E9B9429BA5AEC0041E994 /* BreathWorkViewController.swift */,
				6C7E9B9629BA5B010041E994 /* JournalViewController.swift */,
				6C7E9B9829BA5B580041E994 /* ProfileViewController.swift */,
			);
			path = Feature;
			sourceTree = "<group>";
		};
		6C7E9BA129BA9AC20041E994 /* View */ = {
			isa = PBXGroup;
			children = (
				6C7E9B5F29BA55C50041E994 /* Main.storyboard */,
			);
			path = View;
			sourceTree = "<group>";
		};
/* End PBXGroup section */

/* Begin PBXNativeTarget section */
		6C7E9B5529BA55C50041E994 /* Tranquilo */ = {
			isa = PBXNativeTarget;
			buildConfigurationList = 6C7E9B8029BA55C60041E994 /* Build configuration list for PBXNativeTarget "Tranquilo" */;
			buildPhases = (
				6C7E9B5229BA55C50041E994 /* Sources */,
				6C7E9B5329BA55C50041E994 /* Frameworks */,
				6C7E9B5429BA55C50041E994 /* Resources */,
			);
			buildRules = (
			);
			dependencies = (
			);
			name = Tranquilo;
			packageProductDependencies = (
				6C251F102A192CF2000E3F0D /* FirebaseAuth */,
				6C251F122A192CF2000E3F0D /* FirebaseAuthCombine-Community */,
				6C251F142A192CF2000E3F0D /* FirebaseCrashlytics */,
				6C251F162A192CF2000E3F0D /* FirebaseDatabase */,
				6C251F182A192CF2000E3F0D /* FirebaseDatabaseSwift */,
				6C251F1A2A192CF2000E3F0D /* FirebaseDynamicLinks */,
				6C251F1C2A192CF2000E3F0D /* FirebaseFirestore */,
				6C251F1E2A192CF2000E3F0D /* FirebaseFirestoreCombine-Community */,
				6C251F202A192CF2000E3F0D /* FirebaseFirestoreSwift */,
				6C251F222A192CF2000E3F0D /* FirebaseFunctions */,
				6C251F242A192CF2000E3F0D /* FirebaseFunctionsCombine-Community */,
				6C251F262A192CF2000E3F0D /* FirebaseInAppMessaging-Beta */,
				6C251F282A192CF2000E3F0D /* FirebaseInAppMessagingSwift-Beta */,
				6C251F2A2A192CF2000E3F0D /* FirebaseInstallations */,
				6C251F2C2A192CF2000E3F0D /* FirebaseMLModelDownloader */,
				6C251F2E2A192CF2000E3F0D /* FirebaseMessaging */,
				6C251F302A192CF2000E3F0D /* FirebasePerformance */,
				6C251F322A192CF2000E3F0D /* FirebaseRemoteConfig */,
				6C251F342A192CF2000E3F0D /* FirebaseRemoteConfigSwift */,
				6C251F362A192CF2000E3F0D /* FirebaseStorage */,
				6C251F382A192CF2000E3F0D /* FirebaseStorageCombine-Community */,
			);
			productName = Tranquilo;
			productReference = 6C7E9B5629BA55C50041E994 /* Tranquilo.app */;
			productType = "com.apple.product-type.application";
		};
		6C7E9B6B29BA55C60041E994 /* TranquiloTests */ = {
			isa = PBXNativeTarget;
			buildConfigurationList = 6C7E9B8329BA55C60041E994 /* Build configuration list for PBXNativeTarget "TranquiloTests" */;
			buildPhases = (
				6C7E9B6829BA55C60041E994 /* Sources */,
				6C7E9B6929BA55C60041E994 /* Frameworks */,
				6C7E9B6A29BA55C60041E994 /* Resources */,
			);
			buildRules = (
			);
			dependencies = (
				6C7E9B6E29BA55C60041E994 /* PBXTargetDependency */,
			);
			name = TranquiloTests;
			productName = TranquiloTests;
			productReference = 6C7E9B6C29BA55C60041E994 /* TranquiloTests.xctest */;
			productType = "com.apple.product-type.bundle.unit-test";
		};
		6C7E9B7529BA55C60041E994 /* TranquiloUITests */ = {
			isa = PBXNativeTarget;
			buildConfigurationList = 6C7E9B8629BA55C60041E994 /* Build configuration list for PBXNativeTarget "TranquiloUITests" */;
			buildPhases = (
				6C7E9B7229BA55C60041E994 /* Sources */,
				6C7E9B7329BA55C60041E994 /* Frameworks */,
				6C7E9B7429BA55C60041E994 /* Resources */,
			);
			buildRules = (
			);
			dependencies = (
				6C7E9B7829BA55C60041E994 /* PBXTargetDependency */,
			);
			name = TranquiloUITests;
			productName = TranquiloUITests;
			productReference = 6C7E9B7629BA55C60041E994 /* TranquiloUITests.xctest */;
			productType = "com.apple.product-type.bundle.ui-testing";
		};
/* End PBXNativeTarget section */

/* Begin PBXProject section */
		6C7E9B4E29BA55C50041E994 /* Project object */ = {
			isa = PBXProject;
			attributes = {
				BuildIndependentTargetsInParallel = 1;
				LastSwiftUpdateCheck = 1420;
				LastUpgradeCheck = 1420;
				TargetAttributes = {
					6C7E9B5529BA55C50041E994 = {
						CreatedOnToolsVersion = 14.2;
					};
					6C7E9B6B29BA55C60041E994 = {
						CreatedOnToolsVersion = 14.2;
						TestTargetID = 6C7E9B5529BA55C50041E994;
					};
					6C7E9B7529BA55C60041E994 = {
						CreatedOnToolsVersion = 14.2;
						TestTargetID = 6C7E9B5529BA55C50041E994;
					};
				};
			};
			buildConfigurationList = 6C7E9B5129BA55C50041E994 /* Build configuration list for PBXProject "Tranquilo" */;
			compatibilityVersion = "Xcode 14.0";
			developmentRegion = en;
			hasScannedForEncodings = 0;
			knownRegions = (
				en,
				Base,
			);
			mainGroup = 6C7E9B4D29BA55C50041E994;
			packageReferences = (
				6C251F0F2A192CF2000E3F0D /* XCRemoteSwiftPackageReference "firebase-ios-sdk" */,
			);
			productRefGroup = 6C7E9B5729BA55C50041E994 /* Products */;
			projectDirPath = "";
			projectRoot = "";
			targets = (
				6C7E9B5529BA55C50041E994 /* Tranquilo */,
				6C7E9B6B29BA55C60041E994 /* TranquiloTests */,
				6C7E9B7529BA55C60041E994 /* TranquiloUITests */,
			);
		};
/* End PBXProject section */

/* Begin PBXResourcesBuildPhase section */
		6C7E9B5429BA55C50041E994 /* Resources */ = {
			isa = PBXResourcesBuildPhase;
			buildActionMask = 2147483647;
			files = (
				6C7E9B6629BA55C60041E994 /* LaunchScreen.storyboard in Resources */,
				6C251F0A2A188059000E3F0D /* GoogleService-Info.plist in Resources */,
				6C7E9B6329BA55C60041E994 /* Assets.xcassets in Resources */,
				6C251F3D2A192DCB000E3F0D /* PastEntriesTableViewCell.xib in Resources */,
				6C7E9B6129BA55C50041E994 /* Main.storyboard in Resources */,
			);
			runOnlyForDeploymentPostprocessing = 0;
		};
		6C7E9B6A29BA55C60041E994 /* Resources */ = {
			isa = PBXResourcesBuildPhase;
			buildActionMask = 2147483647;
			files = (
				6C251F0B2A188059000E3F0D /* GoogleService-Info.plist in Resources */,
			);
			runOnlyForDeploymentPostprocessing = 0;
		};
		6C7E9B7429BA55C60041E994 /* Resources */ = {
			isa = PBXResourcesBuildPhase;
			buildActionMask = 2147483647;
			files = (
				6C251F0C2A188059000E3F0D /* GoogleService-Info.plist in Resources */,
			);
			runOnlyForDeploymentPostprocessing = 0;
		};
/* End PBXResourcesBuildPhase section */

/* Begin PBXSourcesBuildPhase section */
		6C7E9B5229BA55C50041E994 /* Sources */ = {
			isa = PBXSourcesBuildPhase;
			buildActionMask = 2147483647;
			files = (
				6C7E9B9D29BA5B740041E994 /* SignUpViewController.swift in Sources */,
				6C7E9B9729BA5B010041E994 /* JournalViewController.swift in Sources */,
				6C251F3C2A192DCB000E3F0D /* PastEntriesTableViewCell.swift in Sources */,
				6C7E9B9529BA5AEC0041E994 /* BreathWorkViewController.swift in Sources */,
				6C7E9B8A29BA5A000041E994 /* Colors.swift in Sources */,
				6C7E9B5A29BA55C50041E994 /* AppDelegate.swift in Sources */,
				6C7E9B9929BA5B580041E994 /* ProfileViewController.swift in Sources */,
				6C7E9B5C29BA55C50041E994 /* SceneDelegate.swift in Sources */,
				6C7E9B9B29BA5B680041E994 /* SignInViewController.swift in Sources */,
				6C251F0E2A18876D000E3F0D /* User.swift in Sources */,
				6C7E9B9329BA5A900041E994 /* Journal.swift in Sources */,
				6C7E9B9F29BA5B910041E994 /* IntroViewController.swift in Sources */,
				6CCFB48929FCAEA900EB9E12 /* PromptNameViewController.swift in Sources */,
			);
			runOnlyForDeploymentPostprocessing = 0;
		};
		6C7E9B6829BA55C60041E994 /* Sources */ = {
			isa = PBXSourcesBuildPhase;
			buildActionMask = 2147483647;
			files = (
				6C7E9B7129BA55C60041E994 /* TranquiloTests.swift in Sources */,
			);
			runOnlyForDeploymentPostprocessing = 0;
		};
		6C7E9B7229BA55C60041E994 /* Sources */ = {
			isa = PBXSourcesBuildPhase;
			buildActionMask = 2147483647;
			files = (
				6C7E9B7D29BA55C60041E994 /* TranquiloUITestsLaunchTests.swift in Sources */,
				6C7E9B7B29BA55C60041E994 /* TranquiloUITests.swift in Sources */,
			);
			runOnlyForDeploymentPostprocessing = 0;
		};
/* End PBXSourcesBuildPhase section */

/* Begin PBXTargetDependency section */
		6C7E9B6E29BA55C60041E994 /* PBXTargetDependency */ = {
			isa = PBXTargetDependency;
			target = 6C7E9B5529BA55C50041E994 /* Tranquilo */;
			targetProxy = 6C7E9B6D29BA55C60041E994 /* PBXContainerItemProxy */;
		};
		6C7E9B7829BA55C60041E994 /* PBXTargetDependency */ = {
			isa = PBXTargetDependency;
			target = 6C7E9B5529BA55C50041E994 /* Tranquilo */;
			targetProxy = 6C7E9B7729BA55C60041E994 /* PBXContainerItemProxy */;
		};
/* End PBXTargetDependency section */

/* Begin PBXVariantGroup section */
		6C7E9B5F29BA55C50041E994 /* Main.storyboard */ = {
			isa = PBXVariantGroup;
			children = (
				6C7E9B6029BA55C50041E994 /* Base */,
			);
			name = Main.storyboard;
			sourceTree = "<group>";
		};
		6C7E9B6429BA55C60041E994 /* LaunchScreen.storyboard */ = {
			isa = PBXVariantGroup;
			children = (
				6C7E9B6529BA55C60041E994 /* Base */,
			);
			name = LaunchScreen.storyboard;
			sourceTree = "<group>";
		};
/* End PBXVariantGroup section */

/* Begin XCBuildConfiguration section */
		6C7E9B7E29BA55C60041E994 /* Debug */ = {
			isa = XCBuildConfiguration;
			buildSettings = {
				ALWAYS_SEARCH_USER_PATHS = NO;
				CLANG_ANALYZER_NONNULL = YES;
				CLANG_ANALYZER_NUMBER_OBJECT_CONVERSION = YES_AGGRESSIVE;
				CLANG_CXX_LANGUAGE_STANDARD = "gnu++20";
				CLANG_ENABLE_MODULES = YES;
				CLANG_ENABLE_OBJC_ARC = YES;
				CLANG_ENABLE_OBJC_WEAK = YES;
				CLANG_WARN_BLOCK_CAPTURE_AUTORELEASING = YES;
				CLANG_WARN_BOOL_CONVERSION = YES;
				CLANG_WARN_COMMA = YES;
				CLANG_WARN_CONSTANT_CONVERSION = YES;
				CLANG_WARN_DEPRECATED_OBJC_IMPLEMENTATIONS = YES;
				CLANG_WARN_DIRECT_OBJC_ISA_USAGE = YES_ERROR;
				CLANG_WARN_DOCUMENTATION_COMMENTS = YES;
				CLANG_WARN_EMPTY_BODY = YES;
				CLANG_WARN_ENUM_CONVERSION = YES;
				CLANG_WARN_INFINITE_RECURSION = YES;
				CLANG_WARN_INT_CONVERSION = YES;
				CLANG_WARN_NON_LITERAL_NULL_CONVERSION = YES;
				CLANG_WARN_OBJC_IMPLICIT_RETAIN_SELF = YES;
				CLANG_WARN_OBJC_LITERAL_CONVERSION = YES;
				CLANG_WARN_OBJC_ROOT_CLASS = YES_ERROR;
				CLANG_WARN_QUOTED_INCLUDE_IN_FRAMEWORK_HEADER = YES;
				CLANG_WARN_RANGE_LOOP_ANALYSIS = YES;
				CLANG_WARN_STRICT_PROTOTYPES = YES;
				CLANG_WARN_SUSPICIOUS_MOVE = YES;
				CLANG_WARN_UNGUARDED_AVAILABILITY = YES_AGGRESSIVE;
				CLANG_WARN_UNREACHABLE_CODE = YES;
				CLANG_WARN__DUPLICATE_METHOD_MATCH = YES;
				COPY_PHASE_STRIP = NO;
				DEBUG_INFORMATION_FORMAT = dwarf;
				ENABLE_STRICT_OBJC_MSGSEND = YES;
				ENABLE_TESTABILITY = YES;
				GCC_C_LANGUAGE_STANDARD = gnu11;
				GCC_DYNAMIC_NO_PIC = NO;
				GCC_NO_COMMON_BLOCKS = YES;
				GCC_OPTIMIZATION_LEVEL = 0;
				GCC_PREPROCESSOR_DEFINITIONS = (
					"DEBUG=1",
					"$(inherited)",
				);
				GCC_WARN_64_TO_32_BIT_CONVERSION = YES;
				GCC_WARN_ABOUT_RETURN_TYPE = YES_ERROR;
				GCC_WARN_UNDECLARED_SELECTOR = YES;
				GCC_WARN_UNINITIALIZED_AUTOS = YES_AGGRESSIVE;
				GCC_WARN_UNUSED_FUNCTION = YES;
				GCC_WARN_UNUSED_VARIABLE = YES;
				IPHONEOS_DEPLOYMENT_TARGET = 16.2;
				MTL_ENABLE_DEBUG_INFO = INCLUDE_SOURCE;
				MTL_FAST_MATH = YES;
				ONLY_ACTIVE_ARCH = YES;
				SDKROOT = iphoneos;
				SWIFT_ACTIVE_COMPILATION_CONDITIONS = DEBUG;
				SWIFT_OPTIMIZATION_LEVEL = "-Onone";
			};
			name = Debug;
		};
		6C7E9B7F29BA55C60041E994 /* Release */ = {
			isa = XCBuildConfiguration;
			buildSettings = {
				ALWAYS_SEARCH_USER_PATHS = NO;
				CLANG_ANALYZER_NONNULL = YES;
				CLANG_ANALYZER_NUMBER_OBJECT_CONVERSION = YES_AGGRESSIVE;
				CLANG_CXX_LANGUAGE_STANDARD = "gnu++20";
				CLANG_ENABLE_MODULES = YES;
				CLANG_ENABLE_OBJC_ARC = YES;
				CLANG_ENABLE_OBJC_WEAK = YES;
				CLANG_WARN_BLOCK_CAPTURE_AUTORELEASING = YES;
				CLANG_WARN_BOOL_CONVERSION = YES;
				CLANG_WARN_COMMA = YES;
				CLANG_WARN_CONSTANT_CONVERSION = YES;
				CLANG_WARN_DEPRECATED_OBJC_IMPLEMENTATIONS = YES;
				CLANG_WARN_DIRECT_OBJC_ISA_USAGE = YES_ERROR;
				CLANG_WARN_DOCUMENTATION_COMMENTS = YES;
				CLANG_WARN_EMPTY_BODY = YES;
				CLANG_WARN_ENUM_CONVERSION = YES;
				CLANG_WARN_INFINITE_RECURSION = YES;
				CLANG_WARN_INT_CONVERSION = YES;
				CLANG_WARN_NON_LITERAL_NULL_CONVERSION = YES;
				CLANG_WARN_OBJC_IMPLICIT_RETAIN_SELF = YES;
				CLANG_WARN_OBJC_LITERAL_CONVERSION = YES;
				CLANG_WARN_OBJC_ROOT_CLASS = YES_ERROR;
				CLANG_WARN_QUOTED_INCLUDE_IN_FRAMEWORK_HEADER = YES;
				CLANG_WARN_RANGE_LOOP_ANALYSIS = YES;
				CLANG_WARN_STRICT_PROTOTYPES = YES;
				CLANG_WARN_SUSPICIOUS_MOVE = YES;
				CLANG_WARN_UNGUARDED_AVAILABILITY = YES_AGGRESSIVE;
				CLANG_WARN_UNREACHABLE_CODE = YES;
				CLANG_WARN__DUPLICATE_METHOD_MATCH = YES;
				COPY_PHASE_STRIP = NO;
				DEBUG_INFORMATION_FORMAT = "dwarf-with-dsym";
				ENABLE_NS_ASSERTIONS = NO;
				ENABLE_STRICT_OBJC_MSGSEND = YES;
				GCC_C_LANGUAGE_STANDARD = gnu11;
				GCC_NO_COMMON_BLOCKS = YES;
				GCC_WARN_64_TO_32_BIT_CONVERSION = YES;
				GCC_WARN_ABOUT_RETURN_TYPE = YES_ERROR;
				GCC_WARN_UNDECLARED_SELECTOR = YES;
				GCC_WARN_UNINITIALIZED_AUTOS = YES_AGGRESSIVE;
				GCC_WARN_UNUSED_FUNCTION = YES;
				GCC_WARN_UNUSED_VARIABLE = YES;
				IPHONEOS_DEPLOYMENT_TARGET = 16.2;
				MTL_ENABLE_DEBUG_INFO = NO;
				MTL_FAST_MATH = YES;
				SDKROOT = iphoneos;
				SWIFT_COMPILATION_MODE = wholemodule;
				SWIFT_OPTIMIZATION_LEVEL = "-O";
				VALIDATE_PRODUCT = YES;
			};
			name = Release;
		};
		6C7E9B8129BA55C60041E994 /* Debug */ = {
			isa = XCBuildConfiguration;
			buildSettings = {
				ASSETCATALOG_COMPILER_APPICON_NAME = AppIcon;
				ASSETCATALOG_COMPILER_GLOBAL_ACCENT_COLOR_NAME = AccentColor;
				CODE_SIGN_STYLE = Automatic;
				CURRENT_PROJECT_VERSION = 1;
				GENERATE_INFOPLIST_FILE = YES;
				INFOPLIST_FILE = Tranquilo/Info.plist;
				INFOPLIST_KEY_UIApplicationSupportsIndirectInputEvents = YES;
				INFOPLIST_KEY_UILaunchStoryboardName = LaunchScreen;
				INFOPLIST_KEY_UIMainStoryboardFile = Main;
				INFOPLIST_KEY_UISupportedInterfaceOrientations_iPad = "UIInterfaceOrientationPortrait UIInterfaceOrientationPortraitUpsideDown UIInterfaceOrientationLandscapeLeft UIInterfaceOrientationLandscapeRight";
				INFOPLIST_KEY_UISupportedInterfaceOrientations_iPhone = "UIInterfaceOrientationPortrait UIInterfaceOrientationLandscapeLeft UIInterfaceOrientationLandscapeRight";
				LD_RUNPATH_SEARCH_PATHS = (
					"$(inherited)",
					"@executable_path/Frameworks",
				);
				MARKETING_VERSION = 1.0;
				PRODUCT_BUNDLE_IDENTIFIER = co.Ashleyrennee.Tranquilo;
				PRODUCT_NAME = "$(TARGET_NAME)";
				SWIFT_EMIT_LOC_STRINGS = YES;
				SWIFT_VERSION = 5.0;
				TARGETED_DEVICE_FAMILY = "1,2";
			};
			name = Debug;
		};
		6C7E9B8229BA55C60041E994 /* Release */ = {
			isa = XCBuildConfiguration;
			buildSettings = {
				ASSETCATALOG_COMPILER_APPICON_NAME = AppIcon;
				ASSETCATALOG_COMPILER_GLOBAL_ACCENT_COLOR_NAME = AccentColor;
				CODE_SIGN_STYLE = Automatic;
				CURRENT_PROJECT_VERSION = 1;
				GENERATE_INFOPLIST_FILE = YES;
				INFOPLIST_FILE = Tranquilo/Info.plist;
				INFOPLIST_KEY_UIApplicationSupportsIndirectInputEvents = YES;
				INFOPLIST_KEY_UILaunchStoryboardName = LaunchScreen;
				INFOPLIST_KEY_UIMainStoryboardFile = Main;
				INFOPLIST_KEY_UISupportedInterfaceOrientations_iPad = "UIInterfaceOrientationPortrait UIInterfaceOrientationPortraitUpsideDown UIInterfaceOrientationLandscapeLeft UIInterfaceOrientationLandscapeRight";
				INFOPLIST_KEY_UISupportedInterfaceOrientations_iPhone = "UIInterfaceOrientationPortrait UIInterfaceOrientationLandscapeLeft UIInterfaceOrientationLandscapeRight";
				LD_RUNPATH_SEARCH_PATHS = (
					"$(inherited)",
					"@executable_path/Frameworks",
				);
				MARKETING_VERSION = 1.0;
				PRODUCT_BUNDLE_IDENTIFIER = co.Ashleyrennee.Tranquilo;
				PRODUCT_NAME = "$(TARGET_NAME)";
				SWIFT_EMIT_LOC_STRINGS = YES;
				SWIFT_VERSION = 5.0;
				TARGETED_DEVICE_FAMILY = "1,2";
			};
			name = Release;
		};
		6C7E9B8429BA55C60041E994 /* Debug */ = {
			isa = XCBuildConfiguration;
			buildSettings = {
				ALWAYS_EMBED_SWIFT_STANDARD_LIBRARIES = YES;
				BUNDLE_LOADER = "$(TEST_HOST)";
				CODE_SIGN_STYLE = Automatic;
				CURRENT_PROJECT_VERSION = 1;
				GENERATE_INFOPLIST_FILE = YES;
				IPHONEOS_DEPLOYMENT_TARGET = 16.2;
				MARKETING_VERSION = 1.0;
				PRODUCT_BUNDLE_IDENTIFIER = co.Ashleyrennee.TranquiloTests;
				PRODUCT_NAME = "$(TARGET_NAME)";
				SWIFT_EMIT_LOC_STRINGS = NO;
				SWIFT_VERSION = 5.0;
				TARGETED_DEVICE_FAMILY = "1,2";
				TEST_HOST = "$(BUILT_PRODUCTS_DIR)/Tranquilo.app/$(BUNDLE_EXECUTABLE_FOLDER_PATH)/Tranquilo";
			};
			name = Debug;
		};
		6C7E9B8529BA55C60041E994 /* Release */ = {
			isa = XCBuildConfiguration;
			buildSettings = {
				ALWAYS_EMBED_SWIFT_STANDARD_LIBRARIES = YES;
				BUNDLE_LOADER = "$(TEST_HOST)";
				CODE_SIGN_STYLE = Automatic;
				CURRENT_PROJECT_VERSION = 1;
				GENERATE_INFOPLIST_FILE = YES;
				IPHONEOS_DEPLOYMENT_TARGET = 16.2;
				MARKETING_VERSION = 1.0;
				PRODUCT_BUNDLE_IDENTIFIER = co.Ashleyrennee.TranquiloTests;
				PRODUCT_NAME = "$(TARGET_NAME)";
				SWIFT_EMIT_LOC_STRINGS = NO;
				SWIFT_VERSION = 5.0;
				TARGETED_DEVICE_FAMILY = "1,2";
				TEST_HOST = "$(BUILT_PRODUCTS_DIR)/Tranquilo.app/$(BUNDLE_EXECUTABLE_FOLDER_PATH)/Tranquilo";
			};
			name = Release;
		};
		6C7E9B8729BA55C60041E994 /* Debug */ = {
			isa = XCBuildConfiguration;
			buildSettings = {
				ALWAYS_EMBED_SWIFT_STANDARD_LIBRARIES = YES;
				CODE_SIGN_STYLE = Automatic;
				CURRENT_PROJECT_VERSION = 1;
				GENERATE_INFOPLIST_FILE = YES;
				MARKETING_VERSION = 1.0;
				PRODUCT_BUNDLE_IDENTIFIER = co.Ashleyrennee.TranquiloUITests;
				PRODUCT_NAME = "$(TARGET_NAME)";
				SWIFT_EMIT_LOC_STRINGS = NO;
				SWIFT_VERSION = 5.0;
				TARGETED_DEVICE_FAMILY = "1,2";
				TEST_TARGET_NAME = Tranquilo;
			};
			name = Debug;
		};
		6C7E9B8829BA55C60041E994 /* Release */ = {
			isa = XCBuildConfiguration;
			buildSettings = {
				ALWAYS_EMBED_SWIFT_STANDARD_LIBRARIES = YES;
				CODE_SIGN_STYLE = Automatic;
				CURRENT_PROJECT_VERSION = 1;
				GENERATE_INFOPLIST_FILE = YES;
				MARKETING_VERSION = 1.0;
				PRODUCT_BUNDLE_IDENTIFIER = co.Ashleyrennee.TranquiloUITests;
				PRODUCT_NAME = "$(TARGET_NAME)";
				SWIFT_EMIT_LOC_STRINGS = NO;
				SWIFT_VERSION = 5.0;
				TARGETED_DEVICE_FAMILY = "1,2";
				TEST_TARGET_NAME = Tranquilo;
			};
			name = Release;
		};
/* End XCBuildConfiguration section */

/* Begin XCConfigurationList section */
		6C7E9B5129BA55C50041E994 /* Build configuration list for PBXProject "Tranquilo" */ = {
			isa = XCConfigurationList;
			buildConfigurations = (
				6C7E9B7E29BA55C60041E994 /* Debug */,
				6C7E9B7F29BA55C60041E994 /* Release */,
			);
			defaultConfigurationIsVisible = 0;
			defaultConfigurationName = Release;
		};
		6C7E9B8029BA55C60041E994 /* Build configuration list for PBXNativeTarget "Tranquilo" */ = {
			isa = XCConfigurationList;
			buildConfigurations = (
				6C7E9B8129BA55C60041E994 /* Debug */,
				6C7E9B8229BA55C60041E994 /* Release */,
			);
			defaultConfigurationIsVisible = 0;
			defaultConfigurationName = Release;
		};
		6C7E9B8329BA55C60041E994 /* Build configuration list for PBXNativeTarget "TranquiloTests" */ = {
			isa = XCConfigurationList;
			buildConfigurations = (
				6C7E9B8429BA55C60041E994 /* Debug */,
				6C7E9B8529BA55C60041E994 /* Release */,
			);
			defaultConfigurationIsVisible = 0;
			defaultConfigurationName = Release;
		};
		6C7E9B8629BA55C60041E994 /* Build configuration list for PBXNativeTarget "TranquiloUITests" */ = {
			isa = XCConfigurationList;
			buildConfigurations = (
				6C7E9B8729BA55C60041E994 /* Debug */,
				6C7E9B8829BA55C60041E994 /* Release */,
			);
			defaultConfigurationIsVisible = 0;
			defaultConfigurationName = Release;
		};
/* End XCConfigurationList section */

/* Begin XCRemoteSwiftPackageReference section */
		6C251F0F2A192CF2000E3F0D /* XCRemoteSwiftPackageReference "firebase-ios-sdk" */ = {
			isa = XCRemoteSwiftPackageReference;
			repositoryURL = "https://github.com/firebase/firebase-ios-sdk";
			requirement = {
				kind = upToNextMajorVersion;
				minimumVersion = 10.0.0;
			};
		};
/* End XCRemoteSwiftPackageReference section */

/* Begin XCSwiftPackageProductDependency section */
		6C251F102A192CF2000E3F0D /* FirebaseAuth */ = {
			isa = XCSwiftPackageProductDependency;
			package = 6C251F0F2A192CF2000E3F0D /* XCRemoteSwiftPackageReference "firebase-ios-sdk" */;
			productName = FirebaseAuth;
		};
		6C251F122A192CF2000E3F0D /* FirebaseAuthCombine-Community */ = {
			isa = XCSwiftPackageProductDependency;
			package = 6C251F0F2A192CF2000E3F0D /* XCRemoteSwiftPackageReference "firebase-ios-sdk" */;
			productName = "FirebaseAuthCombine-Community";
		};
		6C251F142A192CF2000E3F0D /* FirebaseCrashlytics */ = {
			isa = XCSwiftPackageProductDependency;
			package = 6C251F0F2A192CF2000E3F0D /* XCRemoteSwiftPackageReference "firebase-ios-sdk" */;
			productName = FirebaseCrashlytics;
		};
		6C251F162A192CF2000E3F0D /* FirebaseDatabase */ = {
			isa = XCSwiftPackageProductDependency;
			package = 6C251F0F2A192CF2000E3F0D /* XCRemoteSwiftPackageReference "firebase-ios-sdk" */;
			productName = FirebaseDatabase;
		};
		6C251F182A192CF2000E3F0D /* FirebaseDatabaseSwift */ = {
			isa = XCSwiftPackageProductDependency;
			package = 6C251F0F2A192CF2000E3F0D /* XCRemoteSwiftPackageReference "firebase-ios-sdk" */;
			productName = FirebaseDatabaseSwift;
		};
		6C251F1A2A192CF2000E3F0D /* FirebaseDynamicLinks */ = {
			isa = XCSwiftPackageProductDependency;
			package = 6C251F0F2A192CF2000E3F0D /* XCRemoteSwiftPackageReference "firebase-ios-sdk" */;
			productName = FirebaseDynamicLinks;
		};
		6C251F1C2A192CF2000E3F0D /* FirebaseFirestore */ = {
			isa = XCSwiftPackageProductDependency;
			package = 6C251F0F2A192CF2000E3F0D /* XCRemoteSwiftPackageReference "firebase-ios-sdk" */;
			productName = FirebaseFirestore;
		};
		6C251F1E2A192CF2000E3F0D /* FirebaseFirestoreCombine-Community */ = {
			isa = XCSwiftPackageProductDependency;
			package = 6C251F0F2A192CF2000E3F0D /* XCRemoteSwiftPackageReference "firebase-ios-sdk" */;
			productName = "FirebaseFirestoreCombine-Community";
		};
		6C251F202A192CF2000E3F0D /* FirebaseFirestoreSwift */ = {
			isa = XCSwiftPackageProductDependency;
			package = 6C251F0F2A192CF2000E3F0D /* XCRemoteSwiftPackageReference "firebase-ios-sdk" */;
			productName = FirebaseFirestoreSwift;
		};
		6C251F222A192CF2000E3F0D /* FirebaseFunctions */ = {
			isa = XCSwiftPackageProductDependency;
			package = 6C251F0F2A192CF2000E3F0D /* XCRemoteSwiftPackageReference "firebase-ios-sdk" */;
			productName = FirebaseFunctions;
		};
		6C251F242A192CF2000E3F0D /* FirebaseFunctionsCombine-Community */ = {
			isa = XCSwiftPackageProductDependency;
			package = 6C251F0F2A192CF2000E3F0D /* XCRemoteSwiftPackageReference "firebase-ios-sdk" */;
			productName = "FirebaseFunctionsCombine-Community";
		};
		6C251F262A192CF2000E3F0D /* FirebaseInAppMessaging-Beta */ = {
			isa = XCSwiftPackageProductDependency;
			package = 6C251F0F2A192CF2000E3F0D /* XCRemoteSwiftPackageReference "firebase-ios-sdk" */;
			productName = "FirebaseInAppMessaging-Beta";
		};
		6C251F282A192CF2000E3F0D /* FirebaseInAppMessagingSwift-Beta */ = {
			isa = XCSwiftPackageProductDependency;
			package = 6C251F0F2A192CF2000E3F0D /* XCRemoteSwiftPackageReference "firebase-ios-sdk" */;
			productName = "FirebaseInAppMessagingSwift-Beta";
		};
		6C251F2A2A192CF2000E3F0D /* FirebaseInstallations */ = {
			isa = XCSwiftPackageProductDependency;
			package = 6C251F0F2A192CF2000E3F0D /* XCRemoteSwiftPackageReference "firebase-ios-sdk" */;
			productName = FirebaseInstallations;
		};
		6C251F2C2A192CF2000E3F0D /* FirebaseMLModelDownloader */ = {
			isa = XCSwiftPackageProductDependency;
			package = 6C251F0F2A192CF2000E3F0D /* XCRemoteSwiftPackageReference "firebase-ios-sdk" */;
			productName = FirebaseMLModelDownloader;
		};
		6C251F2E2A192CF2000E3F0D /* FirebaseMessaging */ = {
			isa = XCSwiftPackageProductDependency;
			package = 6C251F0F2A192CF2000E3F0D /* XCRemoteSwiftPackageReference "firebase-ios-sdk" */;
			productName = FirebaseMessaging;
		};
		6C251F302A192CF2000E3F0D /* FirebasePerformance */ = {
			isa = XCSwiftPackageProductDependency;
			package = 6C251F0F2A192CF2000E3F0D /* XCRemoteSwiftPackageReference "firebase-ios-sdk" */;
			productName = FirebasePerformance;
		};
		6C251F322A192CF2000E3F0D /* FirebaseRemoteConfig */ = {
			isa = XCSwiftPackageProductDependency;
			package = 6C251F0F2A192CF2000E3F0D /* XCRemoteSwiftPackageReference "firebase-ios-sdk" */;
			productName = FirebaseRemoteConfig;
		};
		6C251F342A192CF2000E3F0D /* FirebaseRemoteConfigSwift */ = {
			isa = XCSwiftPackageProductDependency;
			package = 6C251F0F2A192CF2000E3F0D /* XCRemoteSwiftPackageReference "firebase-ios-sdk" */;
			productName = FirebaseRemoteConfigSwift;
		};
		6C251F362A192CF2000E3F0D /* FirebaseStorage */ = {
			isa = XCSwiftPackageProductDependency;
			package = 6C251F0F2A192CF2000E3F0D /* XCRemoteSwiftPackageReference "firebase-ios-sdk" */;
			productName = FirebaseStorage;
		};
		6C251F382A192CF2000E3F0D /* FirebaseStorageCombine-Community */ = {
			isa = XCSwiftPackageProductDependency;
			package = 6C251F0F2A192CF2000E3F0D /* XCRemoteSwiftPackageReference "firebase-ios-sdk" */;
			productName = "FirebaseStorageCombine-Community";
		};
/* End XCSwiftPackageProductDependency section */
	};
	rootObject = 6C7E9B4E29BA55C50041E994 /* Project object */;
}
